
Microsoft Visual Studio Solution File, Format Version 12.00
# Visual Studio Express 2013 for Windows Desktop
VisualStudioVersion = 12.0.31101.0
MinimumVisualStudioVersion = 10.0.40219.1
Project("{2150E333-8FDC-42A3-9474-1A3956D46DE8}") = "Simulation", "Simulation", "{177DD0D0-2D2E-4642-834C-02D6542495EC}"
	ProjectSection(SolutionItems) = preProject
		Simulation\AnomalyDefinitions.xml = Simulation\AnomalyDefinitions.xml
		Simulation\BailiffDefinitions.xml = Simulation\BailiffDefinitions.xml
		Simulation\ConstellationOwnershipBonusDefinitions.xml = Simulation\ConstellationOwnershipBonusDefinitions.xml
		Simulation\ConstructibleElement_AnomalyReductions.xml = Simulation\ConstructibleElement_AnomalyReductions.xml
		Simulation\ConstructibleElement_Industry[AutoStarSystemImprovements].xml = Simulation\ConstructibleElement_Industry[AutoStarSystemImprovements].xml
		Simulation\ConstructibleElement_Industry[DLC1_StarSystemImprovementQuest].xml = Simulation\ConstructibleElement_Industry[DLC1_StarSystemImprovementQuest].xml
		Simulation\ConstructibleElement_Industry[PlanetaryImprovements].xml = Simulation\ConstructibleElement_Industry[PlanetaryImprovements].xml
		Simulation\ConstructibleElement_Industry[PlanetColonization].xml = Simulation\ConstructibleElement_Industry[PlanetColonization].xml
		Simulation\ConstructibleElement_Industry[PlanetCuriosityExpeditions].xml = Simulation\ConstructibleElement_Industry[PlanetCuriosityExpeditions].xml
		Simulation\ConstructibleElement_Industry[StarSystemImprovement].xml = Simulation\ConstructibleElement_Industry[StarSystemImprovement].xml
		Simulation\ConstructibleElement_Industry[StarSystemImprovement_DLC1].xml = Simulation\ConstructibleElement_Industry[StarSystemImprovement_DLC1].xml
		Simulation\ConstructibleElement_Industry[StarSystemImprovementCuriosity].xml = Simulation\ConstructibleElement_Industry[StarSystemImprovementCuriosity].xml
		Simulation\ConstructibleElement_Industry[StarSystemImprovementQuest].xml = Simulation\ConstructibleElement_Industry[StarSystemImprovementQuest].xml
		Simulation\ConstructibleElement_Industry[StarSystemImprovements_Update3].xml = Simulation\ConstructibleElement_Industry[StarSystemImprovements_Update3].xml
		Simulation\ConstructibleElement_Industry[Terraformation].xml = Simulation\ConstructibleElement_Industry[Terraformation].xml
		Simulation\ConstructibleElement_Industry[TimeBubbles].xml = Simulation\ConstructibleElement_Industry[TimeBubbles].xml
		Simulation\ConstructibleElement_Industry[Wonders].xml = Simulation\ConstructibleElement_Industry[Wonders].xml
		Simulation\ConstructibleElement_Science[Curiosity].xml = Simulation\ConstructibleElement_Science[Curiosity].xml
		Simulation\ConstructibleElement_Science[QuadrantEconomyAndTrade].xml = Simulation\ConstructibleElement_Science[QuadrantEconomyAndTrade].xml
		Simulation\ConstructibleElement_Science[QuadrantEmpireDevelopment].xml = Simulation\ConstructibleElement_Science[QuadrantEmpireDevelopment].xml
		Simulation\ConstructibleElement_Science[QuadrantEmpireDevelopment_DLC1].xml = Simulation\ConstructibleElement_Science[QuadrantEmpireDevelopment_DLC1].xml
		Simulation\ConstructibleElement_Science[QuadrantMilitary].xml = Simulation\ConstructibleElement_Science[QuadrantMilitary].xml
		Simulation\ConstructibleElement_Science[QuadrantScienceAndExploration].xml = Simulation\ConstructibleElement_Science[QuadrantScienceAndExploration].xml
		Simulation\ConstructibleElement_Science[Quest].xml = Simulation\ConstructibleElement_Science[Quest].xml
		Simulation\ConstructionRefundDefinitions[Omniscience].xml = Simulation\ConstructionRefundDefinitions[Omniscience].xml
		Simulation\CostReductions.xml = Simulation\CostReductions.xml
		Simulation\CuriosityDefinitions.xml = Simulation\CuriosityDefinitions.xml
		Simulation\CuriosityDefinitions[Update3].xml = Simulation\CuriosityDefinitions[Update3].xml
		Simulation\CuriosityDroplists.xml = Simulation\CuriosityDroplists.xml
		Simulation\ElectionActionDefinitions.xml = Simulation\ElectionActionDefinitions.xml
		Simulation\ElectionProcessDefinitions.xml = Simulation\ElectionProcessDefinitions.xml
		Simulation\ElectionProcessTaskDefinitions.xml = Simulation\ElectionProcessTaskDefinitions.xml
		Simulation\EmpireImprovements.xml = Simulation\EmpireImprovements.xml
		Simulation\EmpireImprovements[DLC1].xml = Simulation\EmpireImprovements[DLC1].xml
		Simulation\EmpireImprovements[Quest].xml = Simulation\EmpireImprovements[Quest].xml
		Simulation\EntityActions[Empire].xml = Simulation\EntityActions[Empire].xml
		Simulation\EntityActions[Fleet].xml = Simulation\EntityActions[Fleet].xml
		Simulation\EntityActions[Minor].xml = Simulation\EntityActions[Minor].xml
		Simulation\EntityActions[Probe].xml = Simulation\EntityActions[Probe].xml
		Simulation\EntityActions[System].xml = Simulation\EntityActions[System].xml
		Simulation\Factions[Lesser].xml = Simulation\Factions[Lesser].xml
		Simulation\Factions[Major].xml = Simulation\Factions[Major].xml
		Simulation\Factions[Minor].xml = Simulation\Factions[Minor].xml
		Simulation\Factions[Minor_Update3].xml = Simulation\Factions[Minor_Update3].xml
		Simulation\Factions[Pirate].xml = Simulation\Factions[Pirate].xml
		Simulation\FactionTraitCategoryDefinitions.xml = Simulation\FactionTraitCategoryDefinitions.xml
		Simulation\FactionTraits[Affinity].xml = Simulation\FactionTraits[Affinity].xml
		Simulation\FactionTraits[Affinity_Update3].xml = Simulation\FactionTraits[Affinity_Update3].xml
		Simulation\FactionTraits[AffinityMapping].xml = Simulation\FactionTraits[AffinityMapping].xml
		Simulation\FactionTraits[AffinityMapping_Update3].xml = Simulation\FactionTraits[AffinityMapping_Update3].xml
		Simulation\FactionTraits[Lesser].xml = Simulation\FactionTraits[Lesser].xml
		Simulation\FactionTraits[Major].xml = Simulation\FactionTraits[Major].xml
		Simulation\FactionTraits[Major_Update3].xml = Simulation\FactionTraits[Major_Update3].xml
		Simulation\FactionTraits[Minor].xml = Simulation\FactionTraits[Minor].xml
		Simulation\FactionTraits[Minor_Update3].xml = Simulation\FactionTraits[Minor_Update3].xml
		Simulation\FactionTraits[Population].xml = Simulation\FactionTraits[Population].xml
		Simulation\GovernmentDefinitions.xml = Simulation\GovernmentDefinitions.xml
		Simulation\HappinessStatusSetDefinitions.xml = Simulation\HappinessStatusSetDefinitions.xml
		Simulation\HeroAffinityDefinitions.xml = Simulation\HeroAffinityDefinitions.xml
		Simulation\HeroAffinityDefinitions[Update3].xml = Simulation\HeroAffinityDefinitions[Update3].xml
		Simulation\HeroClassDefinitions.xml = Simulation\HeroClassDefinitions.xml
		Simulation\HeroDefinitions.xml = Simulation\HeroDefinitions.xml
		Simulation\HeroDefinitions[DLC1].xml = Simulation\HeroDefinitions[DLC1].xml
		Simulation\HeroDefinitions[Update3].xml = Simulation\HeroDefinitions[Update3].xml
		Simulation\HeroMasteryDefinitions.xml = Simulation\HeroMasteryDefinitions.xml
		Simulation\HeroPoliticsDefinitions.xml = Simulation\HeroPoliticsDefinitions.xml
		Simulation\HeroSkillDefinitions.xml = Simulation\HeroSkillDefinitions.xml
		Simulation\HeroSkillDefinitions[DLC1].xml = Simulation\HeroSkillDefinitions[DLC1].xml
		Simulation\HeroSkillDefinitions[Update3].xml = Simulation\HeroSkillDefinitions[Update3].xml
		Simulation\HeroSkillTreeDefinitions.xml = Simulation\HeroSkillTreeDefinitions.xml
		Simulation\HeroUnlockGaugeDefinitions.xml = Simulation\HeroUnlockGaugeDefinitions.xml
		Simulation\LawDefinitions.xml = Simulation\LawDefinitions.xml
		Simulation\LawDefinitions[Update3].xml = Simulation\LawDefinitions[Update3].xml
		Simulation\ManpowerUpgradeDefinition.xml = Simulation\ManpowerUpgradeDefinition.xml
		Simulation\MarketplaceAdvertisementDefinitions.xml = Simulation\MarketplaceAdvertisementDefinitions.xml
		Simulation\MarketplaceEventDefinitions.xml = Simulation\MarketplaceEventDefinitions.xml
		Simulation\MinigameDefinitions.xml = Simulation\MinigameDefinitions.xml
		Simulation\MinorFactionPersonalityDefinitions.xml = Simulation\MinorFactionPersonalityDefinitions.xml
		Simulation\MinorFactionPersonalityDefinitions[Update3].xml = Simulation\MinorFactionPersonalityDefinitions[Update3].xml
		Simulation\NodeEffectDefinitions.xml = Simulation\NodeEffectDefinitions.xml
		Simulation\NodeVisibilityConditionsDefinitions.xml = Simulation\NodeVisibilityConditionsDefinitions.xml
		Simulation\PersonalityDefinitions.xml = Simulation\PersonalityDefinitions.xml
		Simulation\PiratePowerLevelDefinitions.xml = Simulation\PiratePowerLevelDefinitions.xml
		Simulation\PlanetReserveDefinitions.xml = Simulation\PlanetReserveDefinitions.xml
		Simulation\PoliticsDefinitions.xml = Simulation\PoliticsDefinitions.xml
		Simulation\PoliticsExperienceStatusDefinitions.xml = Simulation\PoliticsExperienceStatusDefinitions.xml
		Simulation\PoliticsSupportStatusDefinitions.xml = Simulation\PoliticsSupportStatusDefinitions.xml
		Simulation\PopulationAspirationDefinitions.xml = Simulation\PopulationAspirationDefinitions.xml
		Simulation\PopulationCollectionBonusTraits.xml = Simulation\PopulationCollectionBonusTraits.xml
		Simulation\PopulationCollectionBonusTraits[Update3].xml = Simulation\PopulationCollectionBonusTraits[Update3].xml
		Simulation\PopulationDefinitions.xml = Simulation\PopulationDefinitions.xml
		Simulation\PopulationDefinitions[Update3].xml = Simulation\PopulationDefinitions[Update3].xml
		Simulation\PopulationModifiersTraits.xml = Simulation\PopulationModifiersTraits.xml
		Simulation\PopulationModifiersTraits[Update3].xml = Simulation\PopulationModifiersTraits[Update3].xml
		Simulation\PopulationPoliticalEventDefinitions[Capture].xml = Simulation\PopulationPoliticalEventDefinitions[Capture].xml
		Simulation\PopulationPoliticalEventDefinitions[Curiosity].xml = Simulation\PopulationPoliticalEventDefinitions[Curiosity].xml
		Simulation\PopulationPoliticalEventDefinitions[DLC1].xml = Simulation\PopulationPoliticalEventDefinitions[DLC1].xml
		Simulation\PopulationPoliticalEventDefinitions[Exploration].xml = Simulation\PopulationPoliticalEventDefinitions[Exploration].xml
		Simulation\PopulationPoliticalEventDefinitions[FleetInteractions].xml = Simulation\PopulationPoliticalEventDefinitions[FleetInteractions].xml
		Simulation\PopulationPoliticalEventDefinitions[Hero].xml = Simulation\PopulationPoliticalEventDefinitions[Hero].xml
		Simulation\PopulationPoliticalEventDefinitions[Misc].xml = Simulation\PopulationPoliticalEventDefinitions[Misc].xml
		Simulation\PopulationPoliticalEventDefinitions[Outpost].xml = Simulation\PopulationPoliticalEventDefinitions[Outpost].xml
		Simulation\PopulationPoliticalEventDefinitions[States].xml = Simulation\PopulationPoliticalEventDefinitions[States].xml
		Simulation\PopulationPoliticalEventDefinitions[TechnologyUnlock].xml = Simulation\PopulationPoliticalEventDefinitions[TechnologyUnlock].xml
		Simulation\PopulationPoliticalEventDefinitions[Test].xml = Simulation\PopulationPoliticalEventDefinitions[Test].xml
		Simulation\PopulationPoliticalEventDefinitions[Update3].xml = Simulation\PopulationPoliticalEventDefinitions[Update3].xml
		Simulation\PopulationPoliticalTraits.xml = Simulation\PopulationPoliticalTraits.xml
		Simulation\PopulationStateDefinitions.xml = Simulation\PopulationStateDefinitions.xml
		Simulation\PropagatedElementDefinitions[PlanetDescriptor].xml = Simulation\PropagatedElementDefinitions[PlanetDescriptor].xml
		Simulation\PropagatedElementDefinitions[PlanetProperty].xml = Simulation\PropagatedElementDefinitions[PlanetProperty].xml
		Simulation\QuadrantDefinition.xml = Simulation\QuadrantDefinition.xml
		Simulation\RecipeIngredientDefinitions.xml = Simulation\RecipeIngredientDefinitions.xml
		Simulation\RecipeSlotDefinitions.xml = Simulation\RecipeSlotDefinitions.xml
		Simulation\RecipeSpecialEffectDefinitions.xml = Simulation\RecipeSpecialEffectDefinitions.xml
		Simulation\ResourceConverterDefinitions.xml = Simulation\ResourceConverterDefinitions.xml
		Simulation\ResourceDefinitions.xml = Simulation\ResourceDefinitions.xml
		Simulation\ResourceDepositDefinitions.xml = Simulation\ResourceDepositDefinitions.xml
		Simulation\ScoreProviderListDefinitions.xml = Simulation\ScoreProviderListDefinitions.xml
		Simulation\SenatorInteractionDefinitions.xml = Simulation\SenatorInteractionDefinitions.xml
		Simulation\SimulationDescriptors[AutoStarSystemImprovement].xml = Simulation\SimulationDescriptors[AutoStarSystemImprovement].xml
		Simulation\SimulationDescriptors[Character].xml = Simulation\SimulationDescriptors[Character].xml
		Simulation\SimulationDescriptors[ColonizedMoon].xml = Simulation\SimulationDescriptors[ColonizedMoon].xml
		Simulation\SimulationDescriptors[ColonizedPlanet].xml = Simulation\SimulationDescriptors[ColonizedPlanet].xml
		Simulation\SimulationDescriptors[ColonizedStarSystem].xml = Simulation\SimulationDescriptors[ColonizedStarSystem].xml
		Simulation\SimulationDescriptors[Commerce].xml = Simulation\SimulationDescriptors[Commerce].xml
		Simulation\SimulationDescriptors[ConstellationOwnershipBonusDefinition].xml = Simulation\SimulationDescriptors[ConstellationOwnershipBonusDefinition].xml
		Simulation\SimulationDescriptors[Deprecated].xml = Simulation\SimulationDescriptors[Deprecated].xml
		Simulation\SimulationDescriptors[Diplomacy].xml = Simulation\SimulationDescriptors[Diplomacy].xml
		Simulation\SimulationDescriptors[DiplomaticEmpire].xml = Simulation\SimulationDescriptors[DiplomaticEmpire].xml
		Simulation\SimulationDescriptors[DiplomaticEmpire_DLC1].xml = Simulation\SimulationDescriptors[DiplomaticEmpire_DLC1].xml
		Simulation\SimulationDescriptors[DLC1].xml = Simulation\SimulationDescriptors[DLC1].xml
		Simulation\SimulationDescriptors[Education].xml = Simulation\SimulationDescriptors[Education].xml
		Simulation\SimulationDescriptors[ElectionAction].xml = Simulation\SimulationDescriptors[ElectionAction].xml
		Simulation\SimulationDescriptors[Empire].xml = Simulation\SimulationDescriptors[Empire].xml
		Simulation\SimulationDescriptors[EmpireImprovements].xml = Simulation\SimulationDescriptors[EmpireImprovements].xml
		Simulation\SimulationDescriptors[EmpireImprovements_DLC1].xml = Simulation\SimulationDescriptors[EmpireImprovements_DLC1].xml
		Simulation\SimulationDescriptors[EmpireQuest].xml = Simulation\SimulationDescriptors[EmpireQuest].xml
		Simulation\SimulationDescriptors[FactionAffinity].xml = Simulation\SimulationDescriptors[FactionAffinity].xml
		Simulation\SimulationDescriptors[FactionAffinity_Update3].xml = Simulation\SimulationDescriptors[FactionAffinity_Update3].xml
		Simulation\SimulationDescriptors[FactionAffinityMapping].xml = Simulation\SimulationDescriptors[FactionAffinityMapping].xml
		Simulation\SimulationDescriptors[FactionAffinityMapping_Update3].xml = Simulation\SimulationDescriptors[FactionAffinityMapping_Update3].xml
		Simulation\SimulationDescriptors[FactionTrait].xml = Simulation\SimulationDescriptors[FactionTrait].xml
		Simulation\SimulationDescriptors[FactionTrait_Update3].xml = Simulation\SimulationDescriptors[FactionTrait_Update3].xml
		Simulation\SimulationDescriptors[GameDifficulty].xml = Simulation\SimulationDescriptors[GameDifficulty].xml
		Simulation\SimulationDescriptors[GameNode].xml = Simulation\SimulationDescriptors[GameNode].xml
		Simulation\SimulationDescriptors[GameSpeed].xml = Simulation\SimulationDescriptors[GameSpeed].xml
		Simulation\SimulationDescriptors[Garrison].xml = Simulation\SimulationDescriptors[Garrison].xml
		Simulation\SimulationDescriptors[Garrison_Update3].xml = Simulation\SimulationDescriptors[Garrison_Update3].xml
		Simulation\SimulationDescriptors[Government].xml = Simulation\SimulationDescriptors[Government].xml
		Simulation\SimulationDescriptors[Hero].xml = Simulation\SimulationDescriptors[Hero].xml
		Simulation\SimulationDescriptors[Hero_Update3].xml = Simulation\SimulationDescriptors[Hero_Update3].xml
		Simulation\SimulationDescriptors[HeroSkill].xml = Simulation\SimulationDescriptors[HeroSkill].xml
		Simulation\SimulationDescriptors[Law].xml = Simulation\SimulationDescriptors[Law].xml
		Simulation\SimulationDescriptors[LawEffect].xml = Simulation\SimulationDescriptors[LawEffect].xml
		Simulation\SimulationDescriptors[LawEffect_Update3].xml = Simulation\SimulationDescriptors[LawEffect_Update3].xml
		Simulation\SimulationDescriptors[ManpowerUpgrade].xml = Simulation\SimulationDescriptors[ManpowerUpgrade].xml
		Simulation\SimulationDescriptors[Marketplace].xml = Simulation\SimulationDescriptors[Marketplace].xml
		Simulation\SimulationDescriptors[MarketplaceEvents].xml = Simulation\SimulationDescriptors[MarketplaceEvents].xml
		Simulation\SimulationDescriptors[Migration].xml = Simulation\SimulationDescriptors[Migration].xml
		Simulation\SimulationDescriptors[MinorRelation].xml = Simulation\SimulationDescriptors[MinorRelation].xml
		Simulation\SimulationDescriptors[Moon].xml = Simulation\SimulationDescriptors[Moon].xml
		Simulation\SimulationDescriptors[Pirates].xml = Simulation\SimulationDescriptors[Pirates].xml
		Simulation\SimulationDescriptors[Planet].xml = Simulation\SimulationDescriptors[Planet].xml
		Simulation\SimulationDescriptors[PlanetaryImprovement].xml = Simulation\SimulationDescriptors[PlanetaryImprovement].xml
		Simulation\SimulationDescriptors[Politics].xml = Simulation\SimulationDescriptors[Politics].xml
		Simulation\SimulationDescriptors[PoliticsSupportStatus].xml = Simulation\SimulationDescriptors[PoliticsSupportStatus].xml
		Simulation\SimulationDescriptors[Population].xml = Simulation\SimulationDescriptors[Population].xml
		Simulation\SimulationDescriptors[Population_Update3].xml = Simulation\SimulationDescriptors[Population_Update3].xml
		Simulation\SimulationDescriptors[PopulationCollectionBonus].xml = Simulation\SimulationDescriptors[PopulationCollectionBonus].xml
		Simulation\SimulationDescriptors[PopulationCollectionBonus_Update3].xml = Simulation\SimulationDescriptors[PopulationCollectionBonus_Update3].xml
		Simulation\SimulationDescriptors[Pressure].xml = Simulation\SimulationDescriptors[Pressure].xml
		Simulation\SimulationDescriptors[Probe].xml = Simulation\SimulationDescriptors[Probe].xml
		Simulation\SimulationDescriptors[Quest].xml = Simulation\SimulationDescriptors[Quest].xml
		Simulation\SimulationDescriptors[QuestEffects].xml = Simulation\SimulationDescriptors[QuestEffects].xml
		Simulation\SimulationDescriptors[RebellionSuppressionAction].xml = Simulation\SimulationDescriptors[RebellionSuppressionAction].xml
		Simulation\SimulationDescriptors[Recipes].xml = Simulation\SimulationDescriptors[Recipes].xml
		Simulation\SimulationDescriptors[Research].xml = Simulation\SimulationDescriptors[Research].xml
		Simulation\SimulationDescriptors[ResourceDeposit].xml = Simulation\SimulationDescriptors[ResourceDeposit].xml
		Simulation\SimulationDescriptors[Senate].xml = Simulation\SimulationDescriptors[Senate].xml
		Simulation\SimulationDescriptors[SpecialNodes].xml = Simulation\SimulationDescriptors[SpecialNodes].xml
		Simulation\SimulationDescriptors[StarSystem].xml = Simulation\SimulationDescriptors[StarSystem].xml
		Simulation\SimulationDescriptors[StarSystemImprovement].xml = Simulation\SimulationDescriptors[StarSystemImprovement].xml
		Simulation\SimulationDescriptors[StarSystemImprovement_Update3].xml = Simulation\SimulationDescriptors[StarSystemImprovement_Update3].xml
		Simulation\SimulationDescriptors[StarTypes].xml = Simulation\SimulationDescriptors[StarTypes].xml
		Simulation\SimulationDescriptors[Technology].xml = Simulation\SimulationDescriptors[Technology].xml
		Simulation\SimulationDescriptors[TechnologyEconomyAndTrade].xml = Simulation\SimulationDescriptors[TechnologyEconomyAndTrade].xml
		Simulation\SimulationDescriptors[TechnologyEmpireDevelopment].xml = Simulation\SimulationDescriptors[TechnologyEmpireDevelopment].xml
		Simulation\SimulationDescriptors[TechnologyEmpireDevelopment_DLC1].xml = Simulation\SimulationDescriptors[TechnologyEmpireDevelopment_DLC1].xml
		Simulation\SimulationDescriptors[TechnologyMilitary].xml = Simulation\SimulationDescriptors[TechnologyMilitary].xml
		Simulation\SimulationDescriptors[TechnologyScienceAndExploration].xml = Simulation\SimulationDescriptors[TechnologyScienceAndExploration].xml
		Simulation\SimulationDescriptors[TimeBubble].xml = Simulation\SimulationDescriptors[TimeBubble].xml
		Simulation\SimulationDescriptors[TradableCategories].xml = Simulation\SimulationDescriptors[TradableCategories].xml
		Simulation\SimulationDescriptors[Tradables].xml = Simulation\SimulationDescriptors[Tradables].xml
		Simulation\SimulationDescriptors[TradingCompany].xml = Simulation\SimulationDescriptors[TradingCompany].xml
		Simulation\SimulationDescriptors[Tutorial].xml = Simulation\SimulationDescriptors[Tutorial].xml
		Simulation\SimulationDescriptors[UniquePlanet].xml = Simulation\SimulationDescriptors[UniquePlanet].xml
		Simulation\SimulationDescriptors[Victory].xml = Simulation\SimulationDescriptors[Victory].xml
		Simulation\SpecialNodeDefinitions.xml = Simulation\SpecialNodeDefinitions.xml
		Simulation\StarSystemNodeDefinitions.xml = Simulation\StarSystemNodeDefinitions.xml
		Simulation\SystemDefenseThresholdDefinitions.xml = Simulation\SystemDefenseThresholdDefinitions.xml
		Simulation\SystemDiscoverySequenceDefinitions.xml = Simulation\SystemDiscoverySequenceDefinitions.xml
		Simulation\SystemSupervisorDefinitions.xml = Simulation\SystemSupervisorDefinitions.xml
		Simulation\TechnologyHelperVariableDefinitions.xml = Simulation\TechnologyHelperVariableDefinitions.xml
		Simulation\TechnologyLinkDefinitions[Quadrants].xml = Simulation\TechnologyLinkDefinitions[Quadrants].xml
		Simulation\TemporaryEffectDefinitions.xml = Simulation\TemporaryEffectDefinitions.xml
		Simulation\TemporaryEffectDefinitions[DLC1].xml = Simulation\TemporaryEffectDefinitions[DLC1].xml
		Simulation\TimeBubbleDefinitions.xml = Simulation\TimeBubbleDefinitions.xml
		Simulation\TradableCategoryDefinitions.xml = Simulation\TradableCategoryDefinitions.xml
		Simulation\TradableDefinitions[Heroes].xml = Simulation\TradableDefinitions[Heroes].xml
		Simulation\TradableDefinitions[Resource].xml = Simulation\TradableDefinitions[Resource].xml
		Simulation\TradableDefinitions[Ships].xml = Simulation\TradableDefinitions[Ships].xml
		Simulation\TradableSubCategoryDefinitions.xml = Simulation\TradableSubCategoryDefinitions.xml
		Simulation\TradingCompanyDefinitions.xml = Simulation\TradingCompanyDefinitions.xml
		Simulation\TradingCompanyImprovementDefinitions.xml = Simulation\TradingCompanyImprovementDefinitions.xml
	EndProjectSection
EndProject
Project("{2150E333-8FDC-42A3-9474-1A3956D46DE8}") = "Mapping", "Mapping", "{4F9EEEEC-6367-4A61-8093-55D608373FD9}"
	ProjectSection(SolutionItems) = preProject
		Mapping\FleetNameMappingDefinitions.xml = Mapping\FleetNameMappingDefinitions.xml
		Mapping\Mapping.xml = Mapping\Mapping.xml
		Mapping\Palettes.xml = Mapping\Palettes.xml
		Mapping\StandardAtlasBuilderMapping[All].xml = Mapping\StandardAtlasBuilderMapping[All].xml
		Mapping\StandardAtlasBuilderMapping[Debug].xml = Mapping\StandardAtlasBuilderMapping[Debug].xml
		Mapping\StandardAtlasBuilderMapping[Fx].xml = Mapping\StandardAtlasBuilderMapping[Fx].xml
	EndProjectSection
EndProject
Project("{2150E333-8FDC-42A3-9474-1A3956D46DE8}") = "Gui", "Gui", "{E9469F73-4B00-4446-8556-BDF794D9CC6C}"
	ProjectSection(SolutionItems) = preProject
		Gui\GuiCursorRules.xml = Gui\GuiCursorRules.xml
		Gui\GuiCursors.xml = Gui\GuiCursors.xml
		Gui\GuiElements[Affinities].xml = Gui\GuiElements[Affinities].xml
		Gui\GuiElements[Alliance].xml = Gui\GuiElements[Alliance].xml
		Gui\GuiElements[AnomalyReductions].xml = Gui\GuiElements[AnomalyReductions].xml
		Gui\GuiElements[ArenaEffects].xml = Gui\GuiElements[ArenaEffects].xml
		Gui\GuiElements[Bailiff].xml = Gui\GuiElements[Bailiff].xml
		Gui\GuiElements[Bailiff_DLC1].xml = Gui\GuiElements[Bailiff_DLC1].xml
		Gui\GuiElements[Categories].xml = Gui\GuiElements[Categories].xml
		Gui\GuiElements[CharacterVisual].xml = Gui\GuiElements[CharacterVisual].xml
		Gui\GuiElements[Colors].xml = Gui\GuiElements[Colors].xml
		Gui\GuiElements[ContextualDiplomaticTerms].xml = Gui\GuiElements[ContextualDiplomaticTerms].xml
		Gui\GuiElements[CoordinationRequest].xml = Gui\GuiElements[CoordinationRequest].xml
		Gui\GuiElements[Curiosities].xml = Gui\GuiElements[Curiosities].xml
		Gui\GuiElements[DiplomaticAbilities].xml = Gui\GuiElements[DiplomaticAbilities].xml
		Gui\GuiElements[DiplomaticRelationStates].xml = Gui\GuiElements[DiplomaticRelationStates].xml
		Gui\GuiElements[DiplomaticTerms].xml = Gui\GuiElements[DiplomaticTerms].xml
		Gui\GuiElements[DLC1_Quests].xml = Gui\GuiElements[DLC1_Quests].xml
		Gui\GuiElements[DownloadableContents].xml = Gui\GuiElements[DownloadableContents].xml
		Gui\GuiElements[ElectionActions].xml = Gui\GuiElements[ElectionActions].xml
		Gui\GuiElements[EmpireActions].xml = Gui\GuiElements[EmpireActions].xml
		Gui\GuiElements[EmpireImprovements].xml = Gui\GuiElements[EmpireImprovements].xml
		Gui\GuiElements[EmpireImprovements_DLC1].xml = Gui\GuiElements[EmpireImprovements_DLC1].xml
		Gui\GuiElements[EmpirePerformances].xml = Gui\GuiElements[EmpirePerformances].xml
		Gui\GuiElements[EncounterPlay].xml = Gui\GuiElements[EncounterPlay].xml
		Gui\GuiElements[EncounterVictoryStatuses].xml = Gui\GuiElements[EncounterVictoryStatuses].xml
		Gui\GuiElements[EventEffect].xml = Gui\GuiElements[EventEffect].xml
		Gui\GuiElements[EventEffect_DLC1].xml = Gui\GuiElements[EventEffect_DLC1].xml
		Gui\GuiElements[FactionPersonalityTraits].xml = Gui\GuiElements[FactionPersonalityTraits].xml
		Gui\GuiElements[Factions].xml = Gui\GuiElements[Factions].xml
		Gui\GuiElements[Factions_Update3].xml = Gui\GuiElements[Factions_Update3].xml
		Gui\GuiElements[FactionTraitFamilies].xml = Gui\GuiElements[FactionTraitFamilies].xml
		Gui\GuiElements[FactionTraits].xml = Gui\GuiElements[FactionTraits].xml
		Gui\GuiElements[FactionTraits_Update3].xml = Gui\GuiElements[FactionTraits_Update3].xml
		Gui\GuiElements[Filters].xml = Gui\GuiElements[Filters].xml
		Gui\GuiElements[FleetActions].xml = Gui\GuiElements[FleetActions].xml
		Gui\GuiElements[FleetStatus].xml = Gui\GuiElements[FleetStatus].xml
		Gui\GuiElements[GameDifficulty].xml = Gui\GuiElements[GameDifficulty].xml
		Gui\GuiElements[GameSettings].xml = Gui\GuiElements[GameSettings].xml
		Gui\GuiElements[GameSpeed].xml = Gui\GuiElements[GameSpeed].xml
		Gui\GuiElements[GameVariables].xml = Gui\GuiElements[GameVariables].xml
		Gui\GuiElements[GameVariables_DLC1].xml = Gui\GuiElements[GameVariables_DLC1].xml
		Gui\GuiElements[GameVariables_Update3].xml = Gui\GuiElements[GameVariables_Update3].xml
		Gui\GuiElements[Governments].xml = Gui\GuiElements[Governments].xml
		Gui\GuiElements[GroundBattle].xml = Gui\GuiElements[GroundBattle].xml
		Gui\GuiElements[GroundBattle_Update3].xml = Gui\GuiElements[GroundBattle_Update3].xml
		Gui\GuiElements[Happiness].xml = Gui\GuiElements[Happiness].xml
		Gui\GuiElements[HeroAffinities].xml = Gui\GuiElements[HeroAffinities].xml
		Gui\GuiElements[HeroAffinities_Update3].xml = Gui\GuiElements[HeroAffinities_Update3].xml
		Gui\GuiElements[HeroClasses].xml = Gui\GuiElements[HeroClasses].xml
		Gui\GuiElements[Heroes].xml = Gui\GuiElements[Heroes].xml
		Gui\GuiElements[Heroes_DLC1].xml = Gui\GuiElements[Heroes_DLC1].xml
		Gui\GuiElements[Heroes_Update3].xml = Gui\GuiElements[Heroes_Update3].xml
		Gui\GuiElements[HeroMasteries].xml = Gui\GuiElements[HeroMasteries].xml
		Gui\GuiElements[HeroPolitics].xml = Gui\GuiElements[HeroPolitics].xml
		Gui\GuiElements[HeroSkills].xml = Gui\GuiElements[HeroSkills].xml
		Gui\GuiElements[HeroStatus].xml = Gui\GuiElements[HeroStatus].xml
		Gui\GuiElements[HeroUnlock].xml = Gui\GuiElements[HeroUnlock].xml
		Gui\GuiElements[HullInfo].xml = Gui\GuiElements[HullInfo].xml
		Gui\GuiElements[Hulls].xml = Gui\GuiElements[Hulls].xml
		Gui\GuiElements[HullsMinorFactions].xml = Gui\GuiElements[HullsMinorFactions].xml
		Gui\GuiElements[Laws].xml = Gui\GuiElements[Laws].xml
		Gui\GuiElements[Laws_Update3].xml = Gui\GuiElements[Laws_Update3].xml
		Gui\GuiElements[LoadingWindows].xml = Gui\GuiElements[LoadingWindows].xml
		Gui\GuiElements[Luxuries].xml = Gui\GuiElements[Luxuries].xml
		Gui\GuiElements[MainMenu].xml = Gui\GuiElements[MainMenu].xml
		Gui\GuiElements[Marketplace].xml = Gui\GuiElements[Marketplace].xml
		Gui\GuiElements[MarketplaceAdvertisements].xml = Gui\GuiElements[MarketplaceAdvertisements].xml
		Gui\GuiElements[MarketplaceEvents].xml = Gui\GuiElements[MarketplaceEvents].xml
		Gui\GuiElements[Medals].xml = Gui\GuiElements[Medals].xml
		Gui\GuiElements[Message].xml = Gui\GuiElements[Message].xml
		Gui\GuiElements[Minigames].xml = Gui\GuiElements[Minigames].xml
		Gui\GuiElements[MinorFactions].xml = Gui\GuiElements[MinorFactions].xml
		Gui\GuiElements[Misc].xml = Gui\GuiElements[Misc].xml
		Gui\GuiElements[Modding].xml = Gui\GuiElements[Modding].xml
		Gui\GuiElements[Modules].xml = Gui\GuiElements[Modules].xml
		Gui\GuiElements[Modules_DLC1].xml = Gui\GuiElements[Modules_DLC1].xml
		Gui\GuiElements[Modules_Update3].xml = Gui\GuiElements[Modules_Update3].xml
		Gui\GuiElements[Notifications].xml = Gui\GuiElements[Notifications].xml
		Gui\GuiElements[OutpostActions].xml = Gui\GuiElements[OutpostActions].xml
		Gui\GuiElements[Panels].xml = Gui\GuiElements[Panels].xml
		Gui\GuiElements[Personalities].xml = Gui\GuiElements[Personalities].xml
		Gui\GuiElements[PlanetAnomalies].xml = Gui\GuiElements[PlanetAnomalies].xml
		Gui\GuiElements[PlanetaryActionImprovements].xml = Gui\GuiElements[PlanetaryActionImprovements].xml
		Gui\GuiElements[PlanetColonization].xml = Gui\GuiElements[PlanetColonization].xml
		Gui\GuiElements[PlanetCuriosityExpeditions].xml = Gui\GuiElements[PlanetCuriosityExpeditions].xml
		Gui\GuiElements[PlanetDepletionStates].xml = Gui\GuiElements[PlanetDepletionStates].xml
		Gui\GuiElements[PlanetGameplayTypes].xml = Gui\GuiElements[PlanetGameplayTypes].xml
		Gui\GuiElements[PlanetImprovement].xml = Gui\GuiElements[PlanetImprovement].xml
		Gui\GuiElements[PlanetScanView].xml = Gui\GuiElements[PlanetScanView].xml
		Gui\GuiElements[PlanetSizes].xml = Gui\GuiElements[PlanetSizes].xml
		Gui\GuiElements[PlanetTypes].xml = Gui\GuiElements[PlanetTypes].xml
		Gui\GuiElements[PlayDecks].xml = Gui\GuiElements[PlayDecks].xml
		Gui\GuiElements[Politics].xml = Gui\GuiElements[Politics].xml
		Gui\GuiElements[PoliticsExperienceStatus].xml = Gui\GuiElements[PoliticsExperienceStatus].xml
		Gui\GuiElements[PoliticsSupportStatus].xml = Gui\GuiElements[PoliticsSupportStatus].xml
		Gui\GuiElements[PopulationState].xml = Gui\GuiElements[PopulationState].xml
		Gui\GuiElements[PopulationTrait].xml = Gui\GuiElements[PopulationTrait].xml
		Gui\GuiElements[PopulationTrait_DLC1].xml = Gui\GuiElements[PopulationTrait_DLC1].xml
		Gui\GuiElements[PostEarly].xml = Gui\GuiElements[PostEarly].xml
		Gui\GuiElements[PsychoTraits].xml = Gui\GuiElements[PsychoTraits].xml
		Gui\GuiElements[PsychoTraits_DLC1].xml = Gui\GuiElements[PsychoTraits_DLC1].xml
		Gui\GuiElements[Quests].xml = Gui\GuiElements[Quests].xml
		Gui\GuiElements[Quests_Deeds].xml = Gui\GuiElements[Quests_Deeds].xml
		Gui\GuiElements[Quests_NarrativeEvents].xml = Gui\GuiElements[Quests_NarrativeEvents].xml
		Gui\GuiElements[Quests_Update3].xml = Gui\GuiElements[Quests_Update3].xml
		Gui\GuiElements[RealizationEvent].xml = Gui\GuiElements[RealizationEvent].xml
		Gui\GuiElements[RebellionSuppressionAction].xml = Gui\GuiElements[RebellionSuppressionAction].xml
		Gui\GuiElements[Recipes].xml = Gui\GuiElements[Recipes].xml
		Gui\GuiElements[RecipeSlots].xml = Gui\GuiElements[RecipeSlots].xml
		Gui\GuiElements[ResourceDeposits].xml = Gui\GuiElements[ResourceDeposits].xml
		Gui\GuiElements[ScanView].xml = Gui\GuiElements[ScanView].xml
		Gui\GuiElements[SenatorInteractions].xml = Gui\GuiElements[SenatorInteractions].xml
		Gui\GuiElements[ShipDesigns].xml = Gui\GuiElements[ShipDesigns].xml
		Gui\GuiElements[ShipDesigns_Update3].xml = Gui\GuiElements[ShipDesigns_Update3].xml
		Gui\GuiElements[ShipLevels].xml = Gui\GuiElements[ShipLevels].xml
		Gui\GuiElements[ShipRoles].xml = Gui\GuiElements[ShipRoles].xml
		Gui\GuiElements[ShipSizes].xml = Gui\GuiElements[ShipSizes].xml
		Gui\GuiElements[ShipStatBonus].xml = Gui\GuiElements[ShipStatBonus].xml
		Gui\GuiElements[ShipStatBonus_DLC1].xml = Gui\GuiElements[ShipStatBonus_DLC1].xml
		Gui\GuiElements[ShipStats].xml = Gui\GuiElements[ShipStats].xml
		Gui\GuiElements[ShipStructure].xml = Gui\GuiElements[ShipStructure].xml
		Gui\GuiElements[SimulationDescriptors].xml = Gui\GuiElements[SimulationDescriptors].xml
		Gui\GuiElements[SimulationDescriptors_DLC1].xml = Gui\GuiElements[SimulationDescriptors_DLC1].xml
		Gui\GuiElements[SimulationDescriptors_Update3].xml = Gui\GuiElements[SimulationDescriptors_Update3].xml
		Gui\GuiElements[SpecialNodes].xml = Gui\GuiElements[SpecialNodes].xml
		Gui\GuiElements[StarSystemImprovement].xml = Gui\GuiElements[StarSystemImprovement].xml
		Gui\GuiElements[StarSystemImprovement_Update3].xml = Gui\GuiElements[StarSystemImprovement_Update3].xml
		Gui\GuiElements[StarSystemLabels].xml = Gui\GuiElements[StarSystemLabels].xml
		Gui\GuiElements[StarSystemLevels].xml = Gui\GuiElements[StarSystemLevels].xml
		Gui\GuiElements[StarSystemStatuses].xml = Gui\GuiElements[StarSystemStatuses].xml
		Gui\GuiElements[StarType].xml = Gui\GuiElements[StarType].xml
		Gui\GuiElements[Strategics].xml = Gui\GuiElements[Strategics].xml
		Gui\GuiElements[SubCategories].xml = Gui\GuiElements[SubCategories].xml
		Gui\GuiElements[SyncStatus].xml = Gui\GuiElements[SyncStatus].xml
		Gui\GuiElements[SystemActions].xml = Gui\GuiElements[SystemActions].xml
		Gui\GuiElements[SystemDiscovery].xml = Gui\GuiElements[SystemDiscovery].xml
		Gui\GuiElements[SystemSupervisors].xml = Gui\GuiElements[SystemSupervisors].xml
		Gui\GuiElements[Tables].xml = Gui\GuiElements[Tables].xml
		Gui\GuiElements[TargetEffectsLuxuries].xml = Gui\GuiElements[TargetEffectsLuxuries].xml
		Gui\GuiElements[Teams].xml = Gui\GuiElements[Teams].xml
		Gui\GuiElements[TechnologiesQuadrantEconomyAndTrade].xml = Gui\GuiElements[TechnologiesQuadrantEconomyAndTrade].xml
		Gui\GuiElements[TechnologiesQuadrantEmpireDevelopment].xml = Gui\GuiElements[TechnologiesQuadrantEmpireDevelopment].xml
		Gui\GuiElements[TechnologiesQuadrantEmpireDevelopment_DLC1].xml = Gui\GuiElements[TechnologiesQuadrantEmpireDevelopment_DLC1].xml
		Gui\GuiElements[TechnologiesQuadrantMilitary].xml = Gui\GuiElements[TechnologiesQuadrantMilitary].xml
		Gui\GuiElements[TechnologiesQuadrantScienceAndExploration].xml = Gui\GuiElements[TechnologiesQuadrantScienceAndExploration].xml
		Gui\GuiElements[TechnologiesQuest].xml = Gui\GuiElements[TechnologiesQuest].xml
		Gui\GuiElements[TechnologyLinkTypes].xml = Gui\GuiElements[TechnologyLinkTypes].xml
		Gui\GuiElements[Terraformation].xml = Gui\GuiElements[Terraformation].xml
		Gui\GuiElements[TimeBubbles].xml = Gui\GuiElements[TimeBubbles].xml
		Gui\GuiElements[TradingCompanies].xml = Gui\GuiElements[TradingCompanies].xml
		Gui\GuiElements[Tutorials].xml = Gui\GuiElements[Tutorials].xml
		Gui\GuiElements[Unfallen].xml = Gui\GuiElements[Unfallen].xml
		Gui\GuiElements[UniquePlanets].xml = Gui\GuiElements[UniquePlanets].xml
		Gui\GuiElements[Update3].xml = Gui\GuiElements[Update3].xml
		Gui\GuiElements[VictoryConditions].xml = Gui\GuiElements[VictoryConditions].xml
		Gui\GuiElements[Wills].xml = Gui\GuiElements[Wills].xml
		Gui\GuiPlanetStatsModifiers.xml = Gui\GuiPlanetStatsModifiers.xml
		Gui\GuiPlanetTypeBaseStats.xml = Gui\GuiPlanetTypeBaseStats.xml
		Gui\GuiPlayVisualCards.xml = Gui\GuiPlayVisualCards.xml
		Gui\GuiPlayVisualTrajectories.xml = Gui\GuiPlayVisualTrajectories.xml
		Gui\GuiResourcePropertySets.xml = Gui\GuiResourcePropertySets.xml
		Gui\GuiSorter.xml = Gui\GuiSorter.xml
		Gui\GuiTooltipDescriptions.xml = Gui\GuiTooltipDescriptions.xml
		Gui\GuiWindowsStackDefinition.xml = Gui\GuiWindowsStackDefinition.xml
	EndProjectSection
EndProject
Project("{2150E333-8FDC-42A3-9474-1A3956D46DE8}") = "Solution Items", "Solution Items", "{FCEA2977-BD24-4AC6-B013-21A5FB187574}"
	ProjectSection(SolutionItems) = preProject
		..\Assets\Xml\Runtime\Endless Space 2.xml = ..\Assets\Xml\Runtime\Endless Space 2.xml
		..\Assets\Xml\GuiSpecialCharacters.xml = ..\Assets\Xml\GuiSpecialCharacters.xml
		..\Assets\Xml\Realization tool data.xml = ..\Assets\Xml\Realization tool data.xml
		..\Registry.xml = ..\Registry.xml
	EndProjectSection
EndProject
Project("{2150E333-8FDC-42A3-9474-1A3956D46DE8}") = "Documentation", "Documentation", "{2A35ECB4-D9AD-4C68-B26F-ECD184777D23}"
	ProjectSection(SolutionItems) = preProject
		Documentation\Interpreter.md = Documentation\Interpreter.md
		Documentation\Simulation.md = Documentation\Simulation.md
	EndProjectSection
EndProject
Project("{2150E333-8FDC-42A3-9474-1A3956D46DE8}") = "Networking", "Networking", "{D2B99836-9B60-41D8-AF01-F00BAE27D9A2}"
	ProjectSection(SolutionItems) = preProject
		Networking\OrderPolicySetups.xml = Networking\OrderPolicySetups.xml
		Networking\OrderPolicySetups[GameClientState].xml = Networking\OrderPolicySetups[GameClientState].xml
		Networking\OrderPolicySetups[GameServerState].xml = Networking\OrderPolicySetups[GameServerState].xml
	EndProjectSection
EndProject
Project("{2150E333-8FDC-42A3-9474-1A3956D46DE8}") = "Screens", "Screens", "{9959FEBC-6E3F-4ED1-AC33-FE93605EECD5}"
	ProjectSection(SolutionItems) = preProject
		Gui\Screens\GuiElements[EconomyScreen].xml = Gui\Screens\GuiElements[EconomyScreen].xml
		Gui\Screens\GuiElements[FidsiParameters].xml = Gui\Screens\GuiElements[FidsiParameters].xml
		Gui\Screens\GuiElements[FleetsScreen].xml = Gui\Screens\GuiElements[FleetsScreen].xml
		Gui\Screens\GuiElements[MainMenuScreen].xml = Gui\Screens\GuiElements[MainMenuScreen].xml
		Gui\Screens\GuiElements[MinorFactionDiplomacyModalWindow].xml = Gui\Screens\GuiElements[MinorFactionDiplomacyModalWindow].xml
		Gui\Screens\GuiElements[NewGameScreen].xml = Gui\Screens\GuiElements[NewGameScreen].xml
		Gui\Screens\GuiElements[TechnologyScreen].xml = Gui\Screens\GuiElements[TechnologyScreen].xml
		Gui\Screens\GuiElements[VictoryScreen].xml = Gui\Screens\GuiElements[VictoryScreen].xml
	EndProjectSection
EndProject
Project("{2150E333-8FDC-42A3-9474-1A3956D46DE8}") = "Settings", "Settings", "{89AB52E1-2A5F-4EAF-9345-D66CF53D7395}"
	ProjectSection(SolutionItems) = preProject
		Settings\GameSettingDefinitions.xml = Settings\GameSettingDefinitions.xml
		Settings\GameSettingRestrictionDefinition.xml = Settings\GameSettingRestrictionDefinition.xml
		Settings\WorldSettingDefinitions.xml = Settings\WorldSettingDefinitions.xml
	EndProjectSection
EndProject
Project("{2150E333-8FDC-42A3-9474-1A3956D46DE8}") = "Quests", "Quests", "{AE2BFE86-E73A-4AB6-9407-57532E2AB95C}"
	ProjectSection(SolutionItems) = preProject
		Quests\QuestDefinitions[Academy].xml = Quests\QuestDefinitions[Academy].xml
		Quests\QuestDefinitions[Cravers].xml = Quests\QuestDefinitions[Cravers].xml
		Quests\QuestDefinitions[Deeds].xml = Quests\QuestDefinitions[Deeds].xml
		Quests\QuestDefinitions[Deeds_Regular].xml = Quests\QuestDefinitions[Deeds_Regular].xml
		Quests\QuestDefinitions[Deeds_Trigger].xml = Quests\QuestDefinitions[Deeds_Trigger].xml
		Quests\QuestDefinitions[Deeds_Wonder].xml = Quests\QuestDefinitions[Deeds_Wonder].xml
		Quests\QuestDefinitions[DLC1].xml = Quests\QuestDefinitions[DLC1].xml
		Quests\QuestDefinitions[EventsCuriosity].xml = Quests\QuestDefinitions[EventsCuriosity].xml
		Quests\QuestDefinitions[EventsPolitics].xml = Quests\QuestDefinitions[EventsPolitics].xml
		Quests\QuestDefinitions[Exploration].xml = Quests\QuestDefinitions[Exploration].xml
		Quests\QuestDefinitions[FactionQuestTemplate].xml = Quests\QuestDefinitions[FactionQuestTemplate].xml
		Quests\QuestDefinitions[GlobalCompet].xml = Quests\QuestDefinitions[GlobalCompet].xml
		Quests\QuestDefinitions[GlobalCoop].xml = Quests\QuestDefinitions[GlobalCoop].xml
		Quests\QuestDefinitions[Horatio].xml = Quests\QuestDefinitions[Horatio].xml
		Quests\QuestDefinitions[Metaplot].xml = Quests\QuestDefinitions[Metaplot].xml
		Quests\QuestDefinitions[MinorFaction].xml = Quests\QuestDefinitions[MinorFaction].xml
		Quests\QuestDefinitions[Population].xml = Quests\QuestDefinitions[Population].xml
		Quests\QuestDefinitions[RandomEvents].xml = Quests\QuestDefinitions[RandomEvents].xml
		Quests\QuestDefinitions[Sophons].xml = Quests\QuestDefinitions[Sophons].xml
		Quests\QuestDefinitions[test].xml = Quests\QuestDefinitions[test].xml
		Quests\QuestDefinitions[TimeLords].xml = Quests\QuestDefinitions[TimeLords].xml
		Quests\QuestDefinitions[Tutorial].xml = Quests\QuestDefinitions[Tutorial].xml
		Quests\QuestDefinitions[UE].xml = Quests\QuestDefinitions[UE].xml
		Quests\QuestDefinitions[Unfallen].xml = Quests\QuestDefinitions[Unfallen].xml
		Quests\QuestDefinitions[Update3].xml = Quests\QuestDefinitions[Update3].xml
		Quests\QuestDefinitions[Vampirilis].xml = Quests\QuestDefinitions[Vampirilis].xml
		Quests\QuestDefinitions[Venetians].xml = Quests\QuestDefinitions[Venetians].xml
		Quests\QuestDefinitions[Victory].xml = Quests\QuestDefinitions[Victory].xml
		Quests\QuestTriggeringMutualExclusionDefinitions.xml = Quests\QuestTriggeringMutualExclusionDefinitions.xml
		Quests\QuestTriggeringProbabilityDefinitions.xml = Quests\QuestTriggeringProbabilityDefinitions.xml
	EndProjectSection
EndProject
Project("{2150E333-8FDC-42A3-9474-1A3956D46DE8}") = "Droplists", "Droplists", "{F65A5C22-B72E-4E00-A83E-6DDD40E34136}"
	ProjectSection(SolutionItems) = preProject
		Quests\Droplists\Droplists[DLC1].xml = Quests\Droplists\Droplists[DLC1].xml
		Quests\Droplists\Droplists[Multi].xml = Quests\Droplists\Droplists[Multi].xml
		Quests\Droplists\Droplists[Reward].xml = Quests\Droplists\Droplists[Reward].xml
		Quests\Droplists\Droplists[test].xml = Quests\Droplists\Droplists[test].xml
		Quests\Droplists\Droplists[Update3].xml = Quests\Droplists\Droplists[Update3].xml
	EndProjectSection
EndProject
Project("{2150E333-8FDC-42A3-9474-1A3956D46DE8}") = "GalaxyGenerator", "GalaxyGenerator", "{86905004-04EB-4064-AC86-4DA49554BFB0}"
	ProjectSection(SolutionItems) = preProject
		GalaxyGenerator\GalaxyShapeMergePlansDefinitions.xml = GalaxyGenerator\GalaxyShapeMergePlansDefinitions.xml
		GalaxyGenerator\PlanetaryResourceDefinitions.xml = GalaxyGenerator\PlanetaryResourceDefinitions.xml
		GalaxyGenerator\PlanetGameplayTypeDefinitions.xml = GalaxyGenerator\PlanetGameplayTypeDefinitions.xml
		GalaxyGenerator\PlanetPopulationCapacityGroupDefinitions.xml = GalaxyGenerator\PlanetPopulationCapacityGroupDefinitions.xml
		GalaxyGenerator\PlanetTemperatureDefinitions.xml = GalaxyGenerator\PlanetTemperatureDefinitions.xml
		GalaxyGenerator\PlanetTierDefinitions.xml = GalaxyGenerator\PlanetTierDefinitions.xml
		GalaxyGenerator\WeightTableDefinitions.xml = GalaxyGenerator\WeightTableDefinitions.xml
	EndProjectSection
EndProject
Project("{2150E333-8FDC-42A3-9474-1A3956D46DE8}") = "Battles", "Battles", "{F955473A-8893-4C54-BCDF-1662483B5EA5}"
	ProjectSection(SolutionItems) = preProject
		Simulation\Battles\BattleActionDefinitions.xml = Simulation\Battles\BattleActionDefinitions.xml
		Simulation\Battles\BattleEffectDefinitions.xml = Simulation\Battles\BattleEffectDefinitions.xml
		Simulation\Battles\EditorEncounterFlotillaDefinitions.xml = Simulation\Battles\EditorEncounterFlotillaDefinitions.xml
		Simulation\Battles\EditorEncounterSquadronDefinitions.xml = Simulation\Battles\EditorEncounterSquadronDefinitions.xml
		Simulation\Battles\EditorEncounterTrajectoryDefinitions.xml = Simulation\Battles\EditorEncounterTrajectoryDefinitions.xml
		Simulation\Battles\EncounterArenaDefinitions.xml = Simulation\Battles\EncounterArenaDefinitions.xml
		Simulation\Battles\EncounterArrivalSequenceDefinitions.xml = Simulation\Battles\EncounterArrivalSequenceDefinitions.xml
		Simulation\Battles\EncounterEntityDefinitions.xml = Simulation\Battles\EncounterEntityDefinitions.xml
		Simulation\Battles\EncounterEventToRealizationEventDictionaryDefinitions.xml = Simulation\Battles\EncounterEventToRealizationEventDictionaryDefinitions.xml
		Simulation\Battles\EncounterFlotillaMatchDefinitions.xml = Simulation\Battles\EncounterFlotillaMatchDefinitions.xml
		Simulation\Battles\EncounterFormationDefinitions.xml = Simulation\Battles\EncounterFormationDefinitions.xml
		Simulation\Battles\EncounterPlayDefinitions.xml = Simulation\Battles\EncounterPlayDefinitions.xml
		Simulation\Battles\EncounterSequenceDefinitions.xml = Simulation\Battles\EncounterSequenceDefinitions.xml
		Simulation\Battles\EncounterTargetingRangeDefinitions.xml = Simulation\Battles\EncounterTargetingRangeDefinitions.xml
		Simulation\Battles\HullDefinitions.xml = Simulation\Battles\HullDefinitions.xml
		Simulation\Battles\HullDefinitions[Balancing].xml = Simulation\Battles\HullDefinitions[Balancing].xml
		Simulation\Battles\HullDefinitions[Cravers].xml = Simulation\Battles\HullDefinitions[Cravers].xml
		Simulation\Battles\HullDefinitions[Horatio].xml = Simulation\Battles\HullDefinitions[Horatio].xml
		Simulation\Battles\HullDefinitions[MinorFactions].xml = Simulation\Battles\HullDefinitions[MinorFactions].xml
		Simulation\Battles\HullDefinitions[Sophons].xml = Simulation\Battles\HullDefinitions[Sophons].xml
		Simulation\Battles\HullDefinitions[Terrans].xml = Simulation\Battles\HullDefinitions[Terrans].xml
		Simulation\Battles\HullDefinitions[TimeLords].xml = Simulation\Battles\HullDefinitions[TimeLords].xml
		Simulation\Battles\HullDefinitions[Unfallen].xml = Simulation\Battles\HullDefinitions[Unfallen].xml
		Simulation\Battles\HullDefinitions[Update3].xml = Simulation\Battles\HullDefinitions[Update3].xml
		Simulation\Battles\HullDefinitions[Vampirilis].xml = Simulation\Battles\HullDefinitions[Vampirilis].xml
		Simulation\Battles\HullDefinitions[Venetians].xml = Simulation\Battles\HullDefinitions[Venetians].xml
		Simulation\Battles\LevelUpRuleDefinitions.xml = Simulation\Battles\LevelUpRuleDefinitions.xml
		Simulation\Battles\MedalDefinitions.xml = Simulation\Battles\MedalDefinitions.xml
		Simulation\Battles\ModuleDefinitions[Defense].xml = Simulation\Battles\ModuleDefinitions[Defense].xml
		Simulation\Battles\ModuleDefinitions[DLC1].xml = Simulation\Battles\ModuleDefinitions[DLC1].xml
		Simulation\Battles\ModuleDefinitions[Mothership].xml = Simulation\Battles\ModuleDefinitions[Mothership].xml
		Simulation\Battles\ModuleDefinitions[Quest].xml = Simulation\Battles\ModuleDefinitions[Quest].xml
		Simulation\Battles\ModuleDefinitions[Squadron].xml = Simulation\Battles\ModuleDefinitions[Squadron].xml
		Simulation\Battles\ModuleDefinitions[Support].xml = Simulation\Battles\ModuleDefinitions[Support].xml
		Simulation\Battles\ModuleDefinitions[Update3].xml = Simulation\Battles\ModuleDefinitions[Update3].xml
		Simulation\Battles\ModuleDefinitions[Weapon].xml = Simulation\Battles\ModuleDefinitions[Weapon].xml
		Simulation\Battles\RankDefinitions.xml = Simulation\Battles\RankDefinitions.xml
		Simulation\Battles\RankPatternDefinitions.xml = Simulation\Battles\RankPatternDefinitions.xml
		Simulation\Battles\RealizationEventDefinitions.xml = Simulation\Battles\RealizationEventDefinitions.xml
		Simulation\Battles\SalvoDefinitions.xml = Simulation\Battles\SalvoDefinitions.xml
		Simulation\Battles\ShipConditionalConstructionEffectDefinitions.xml = Simulation\Battles\ShipConditionalConstructionEffectDefinitions.xml
		Simulation\Battles\ShipDesignDefinitions.xml = Simulation\Battles\ShipDesignDefinitions.xml
		Simulation\Battles\ShipDesignDefinitions[Balancing].xml = Simulation\Battles\ShipDesignDefinitions[Balancing].xml
		Simulation\Battles\ShipDesignDefinitions[Cravers].xml = Simulation\Battles\ShipDesignDefinitions[Cravers].xml
		Simulation\Battles\ShipDesignDefinitions[Debug].xml = Simulation\Battles\ShipDesignDefinitions[Debug].xml
		Simulation\Battles\ShipDesignDefinitions[Gamescom2016].xml = Simulation\Battles\ShipDesignDefinitions[Gamescom2016].xml
		Simulation\Battles\ShipDesignDefinitions[Horatio].xml = Simulation\Battles\ShipDesignDefinitions[Horatio].xml
		Simulation\Battles\ShipDesignDefinitions[MinorFactions].xml = Simulation\Battles\ShipDesignDefinitions[MinorFactions].xml
		Simulation\Battles\ShipDesignDefinitions[Quest].xml = Simulation\Battles\ShipDesignDefinitions[Quest].xml
		Simulation\Battles\ShipDesignDefinitions[Sophons].xml = Simulation\Battles\ShipDesignDefinitions[Sophons].xml
		Simulation\Battles\ShipDesignDefinitions[Terrans].xml = Simulation\Battles\ShipDesignDefinitions[Terrans].xml
		Simulation\Battles\ShipDesignDefinitions[TimeLords].xml = Simulation\Battles\ShipDesignDefinitions[TimeLords].xml
		Simulation\Battles\ShipDesignDefinitions[Unfallen].xml = Simulation\Battles\ShipDesignDefinitions[Unfallen].xml
		Simulation\Battles\ShipDesignDefinitions[Update3].xml = Simulation\Battles\ShipDesignDefinitions[Update3].xml
		Simulation\Battles\ShipDesignDefinitions[Vampirilis].xml = Simulation\Battles\ShipDesignDefinitions[Vampirilis].xml
		Simulation\Battles\ShipDesignDefinitions[Venetians].xml = Simulation\Battles\ShipDesignDefinitions[Venetians].xml
		Simulation\Battles\ShipDesignTemplateDefinitions.xml = Simulation\Battles\ShipDesignTemplateDefinitions.xml
		Simulation\Battles\ShipDesignTemplateDefinitions[Update3].xml = Simulation\Battles\ShipDesignTemplateDefinitions[Update3].xml
		Simulation\Battles\ShipRoleDefinitions.xml = Simulation\Battles\ShipRoleDefinitions.xml
		Simulation\Battles\SimulationDescriptors[DEPRECATED].xml = Simulation\Battles\SimulationDescriptors[DEPRECATED].xml
		Simulation\Battles\SimulationDescriptors[Encounter].xml = Simulation\Battles\SimulationDescriptors[Encounter].xml
		Simulation\Battles\SimulationDescriptors[Module].xml = Simulation\Battles\SimulationDescriptors[Module].xml
		Simulation\Battles\SimulationDescriptors[Module_Update3].xml = Simulation\Battles\SimulationDescriptors[Module_Update3].xml
		Simulation\Battles\SimulationDescriptors[ModuleDefense].xml = Simulation\Battles\SimulationDescriptors[ModuleDefense].xml
		Simulation\Battles\SimulationDescriptors[ModuleDLC1].xml = Simulation\Battles\SimulationDescriptors[ModuleDLC1].xml
		Simulation\Battles\SimulationDescriptors[ModuleSquadron].xml = Simulation\Battles\SimulationDescriptors[ModuleSquadron].xml
		Simulation\Battles\SimulationDescriptors[ModuleSupport].xml = Simulation\Battles\SimulationDescriptors[ModuleSupport].xml
		Simulation\Battles\SimulationDescriptors[ModuleWeapon].xml = Simulation\Battles\SimulationDescriptors[ModuleWeapon].xml
		Simulation\Battles\SimulationDescriptors[Mothership].xml = Simulation\Battles\SimulationDescriptors[Mothership].xml
		Simulation\Battles\SimulationDescriptors[Salvo].xml = Simulation\Battles\SimulationDescriptors[Salvo].xml
		Simulation\Battles\SimulationDescriptors[Ship].xml = Simulation\Battles\SimulationDescriptors[Ship].xml
		Simulation\Battles\SimulationDescriptors[Ship_DLC1].xml = Simulation\Battles\SimulationDescriptors[Ship_DLC1].xml
		Simulation\Battles\SimulationDescriptors[Ship_Update3].xml = Simulation\Battles\SimulationDescriptors[Ship_Update3].xml
	EndProjectSection
EndProject
Project("{2150E333-8FDC-42A3-9474-1A3956D46DE8}") = "Effects", "Effects", "{BBAE0328-D9D5-4AB9-B969-DC70C60F70C5}"
	ProjectSection(SolutionItems) = preProject
		Quests\Effects\QuestEffectDefinitions[DLC1].xml = Quests\Effects\QuestEffectDefinitions[DLC1].xml
		Quests\Effects\QuestEffectDefinitions[test].xml = Quests\Effects\QuestEffectDefinitions[test].xml
	EndProjectSection
EndProject
Project("{2150E333-8FDC-42A3-9474-1A3956D46DE8}") = "Statistics and Achievements", "Statistics and Achievements", "{D8406589-6C4C-41EC-AA80-B049170D5233}"
	ProjectSection(SolutionItems) = preProject
		Statistics and Achievements\AchievementDefinitions.xml = Statistics and Achievements\AchievementDefinitions.xml
		Statistics and Achievements\AchievementStatisticDefinitions.xml = Statistics and Achievements\AchievementStatisticDefinitions.xml
		Statistics and Achievements\GameStatisticDefinitions.xml = Statistics and Achievements\GameStatisticDefinitions.xml
		Statistics and Achievements\VictoryConditionDefinitions.xml = Statistics and Achievements\VictoryConditionDefinitions.xml
	EndProjectSection
EndProject
Project("{2150E333-8FDC-42A3-9474-1A3956D46DE8}") = "Diplomacy", "Diplomacy", "{47B2DE45-6B46-4C40-B0DC-AF625DDE16F8}"
	ProjectSection(SolutionItems) = preProject
		Diplomacy\ContextualDiplomaticTermDefinition.xml = Diplomacy\ContextualDiplomaticTermDefinition.xml
		Diplomacy\ContractStubDefinitions.xml = Diplomacy\ContractStubDefinitions.xml
		Diplomacy\DiplomaticAbilities.xml = Diplomacy\DiplomaticAbilities.xml
		Diplomacy\DiplomaticFactionPactEffectDefinitions.xml = Diplomacy\DiplomaticFactionPactEffectDefinitions.xml
		Diplomacy\DiplomaticPressureEffects.xml = Diplomacy\DiplomaticPressureEffects.xml
		Diplomacy\DiplomaticPressureEffects[DLC1].xml = Diplomacy\DiplomaticPressureEffects[DLC1].xml
		Diplomacy\DiplomaticRelationStates[Lesser].xml = Diplomacy\DiplomaticRelationStates[Lesser].xml
		Diplomacy\DiplomaticRelationStates[Major].xml = Diplomacy\DiplomaticRelationStates[Major].xml
		Diplomacy\DiplomaticRelationStates[Minor].xml = Diplomacy\DiplomaticRelationStates[Minor].xml
		Diplomacy\DiplomaticRelationStates[Pirate].xml = Diplomacy\DiplomaticRelationStates[Pirate].xml
		Diplomacy\ForeignAffairsConstructibles[Demands].xml = Diplomacy\ForeignAffairsConstructibles[Demands].xml
		Diplomacy\ForeignAffairsConstructibles[Exchanges].xml = Diplomacy\ForeignAffairsConstructibles[Exchanges].xml
		Diplomacy\ForeignAffairsConstructibles[Terms].xml = Diplomacy\ForeignAffairsConstructibles[Terms].xml
		Diplomacy\ForeignAffairsConstructibles[Treaties].xml = Diplomacy\ForeignAffairsConstructibles[Treaties].xml
		Diplomacy\WarPointsRewardDefinitions.xml = Diplomacy\WarPointsRewardDefinitions.xml
	EndProjectSection
EndProject
Project("{2150E333-8FDC-42A3-9474-1A3956D46DE8}") = "MinorFactions", "MinorFactions", "{23DFBF2C-FBF3-44FB-B57D-79297D6BD96D}"
	ProjectSection(SolutionItems) = preProject
		MinorFactions\FleetMissionDefinitions.xml = MinorFactions\FleetMissionDefinitions.xml
		MinorFactions\ImprovementListDefinitions.xml = MinorFactions\ImprovementListDefinitions.xml
		MinorFactions\MinorStateDefinitions.xml = MinorFactions\MinorStateDefinitions.xml
		MinorFactions\PlanetImprovementMappingDefinitions.xml = MinorFactions\PlanetImprovementMappingDefinitions.xml
	EndProjectSection
EndProject
Project("{2150E333-8FDC-42A3-9474-1A3956D46DE8}") = "Curves", "Curves", "{84D4CE8A-5DB0-4D3B-B891-6ADB027F5D60}"
	ProjectSection(SolutionItems) = preProject
		Curves\AnimationCurves[ColonizationModule].xml = Curves\AnimationCurves[ColonizationModule].xml
		Curves\AnimationCurves[ExpeditionProbe].xml = Curves\AnimationCurves[ExpeditionProbe].xml
		Curves\AnimationCurves[MothershipProbe].xml = Curves\AnimationCurves[MothershipProbe].xml
	EndProjectSection
EndProject
Project("{2150E333-8FDC-42A3-9474-1A3956D46DE8}") = "RealizationShots", "RealizationShots", "{6F0F67D8-AC7B-4CAE-84C0-BB2245A9604A}"
	ProjectSection(SolutionItems) = preProject
		Simulation\Battles\RealizationPoolShots\RealizationShotsDefinitions[Arena].xml = Simulation\Battles\RealizationPoolShots\RealizationShotsDefinitions[Arena].xml
		Simulation\Battles\RealizationPoolShots\RealizationShotsDefinitions[Cravers].xml = Simulation\Battles\RealizationPoolShots\RealizationShotsDefinitions[Cravers].xml
		Simulation\Battles\RealizationPoolShots\RealizationShotsDefinitions[Heroes].xml = Simulation\Battles\RealizationPoolShots\RealizationShotsDefinitions[Heroes].xml
		Simulation\Battles\RealizationPoolShots\RealizationShotsDefinitions[Horatios].xml = Simulation\Battles\RealizationPoolShots\RealizationShotsDefinitions[Horatios].xml
		Simulation\Battles\RealizationPoolShots\RealizationShotsDefinitions[Main].xml = Simulation\Battles\RealizationPoolShots\RealizationShotsDefinitions[Main].xml
		Simulation\Battles\RealizationPoolShots\RealizationShotsDefinitions[Scavengers].xml = Simulation\Battles\RealizationPoolShots\RealizationShotsDefinitions[Scavengers].xml
		Simulation\Battles\RealizationPoolShots\RealizationShotsDefinitions[Sophons].xml = Simulation\Battles\RealizationPoolShots\RealizationShotsDefinitions[Sophons].xml
		Simulation\Battles\RealizationPoolShots\RealizationShotsDefinitions[Squadrons].xml = Simulation\Battles\RealizationPoolShots\RealizationShotsDefinitions[Squadrons].xml
		Simulation\Battles\RealizationPoolShots\RealizationShotsDefinitions[Terrans].xml = Simulation\Battles\RealizationPoolShots\RealizationShotsDefinitions[Terrans].xml
		Simulation\Battles\RealizationPoolShots\RealizationShotsDefinitions[TimeLords].xml = Simulation\Battles\RealizationPoolShots\RealizationShotsDefinitions[TimeLords].xml
		Simulation\Battles\RealizationPoolShots\RealizationShotsDefinitions[Unfallen].xml = Simulation\Battles\RealizationPoolShots\RealizationShotsDefinitions[Unfallen].xml
		Simulation\Battles\RealizationPoolShots\RealizationShotsDefinitions[Vampirilis].xml = Simulation\Battles\RealizationPoolShots\RealizationShotsDefinitions[Vampirilis].xml
		Simulation\Battles\RealizationPoolShots\RealizationShotsDefinitions[Venetians].xml = Simulation\Battles\RealizationPoolShots\RealizationShotsDefinitions[Venetians].xml
	EndProjectSection
EndProject
Project("{2150E333-8FDC-42A3-9474-1A3956D46DE8}") = "Discovery", "Discovery", "{3621D27E-7C74-4781-AE76-B9C4042E76C5}"
	ProjectSection(SolutionItems) = preProject
		Simulation\Discovery\AcademyDiscoveryShots.xml = Simulation\Discovery\AcademyDiscoveryShots.xml
		Simulation\Discovery\DiscoveryShoot.xml = Simulation\Discovery\DiscoveryShoot.xml
		Simulation\Discovery\GroundBattleDiscoveryShots.xml = Simulation\Discovery\GroundBattleDiscoveryShots.xml
		Simulation\Discovery\OnePlanetDiscoveryShots.xml = Simulation\Discovery\OnePlanetDiscoveryShots.xml
		Simulation\Discovery\PlanetDestructionShots.xml = Simulation\Discovery\PlanetDestructionShots.xml
		Simulation\Discovery\PlanetEventShots.xml = Simulation\Discovery\PlanetEventShots.xml
		Simulation\Discovery\SpecialNodesDiscoveryShots.xml = Simulation\Discovery\SpecialNodesDiscoveryShots.xml
		Simulation\Discovery\ZeroPlanetDiscoveryShots.xml = Simulation\Discovery\ZeroPlanetDiscoveryShots.xml
	EndProjectSection
EndProject
Project("{2150E333-8FDC-42A3-9474-1A3956D46DE8}") = "Tutorials", "Tutorials", "{6986EAE2-B9C8-4ACF-BE0C-45F0FBEAAD01}"
	ProjectSection(SolutionItems) = preProject
		Tutorials\Turn 1.zip = Tutorials\Turn 1.zip
		Tutorials\TutorialDefinitions[AdvancedBen].xml = Tutorials\TutorialDefinitions[AdvancedBen].xml
		Tutorials\TutorialDefinitions[AdvancedMath].xml = Tutorials\TutorialDefinitions[AdvancedMath].xml
		Tutorials\TutorialDefinitions[Beginner].xml = Tutorials\TutorialDefinitions[Beginner].xml
		Tutorials\TutorialDefinitions[Expert].xml = Tutorials\TutorialDefinitions[Expert].xml
		Tutorials\TutorialDefinitions[Factions].xml = Tutorials\TutorialDefinitions[Factions].xml
		Tutorials\TutorialDefinitions[Test].xml = Tutorials\TutorialDefinitions[Test].xml
	EndProjectSection
EndProject
Project("{2150E333-8FDC-42A3-9474-1A3956D46DE8}") = "Miscellaneous", "Miscellaneous", "{D768394B-37D9-4BBB-AD5E-296E8FAC03C2}"
	ProjectSection(SolutionItems) = preProject
		Gui\Miscellaneous\GuiHighlightDefinition.xml = Gui\Miscellaneous\GuiHighlightDefinition.xml
		Gui\Miscellaneous\PanelFeatureModuleEffectsDefinition.xml = Gui\Miscellaneous\PanelFeatureModuleEffectsDefinition.xml
	EndProjectSection
EndProject
Project("{2150E333-8FDC-42A3-9474-1A3956D46DE8}") = "GroundBattle", "GroundBattle", "{EA59E3D3-4B25-40DE-A9FE-F73FB8A5EC0F}"
	ProjectSection(SolutionItems) = preProject
		GroundBattle\GroundBattleStrategies.xml = GroundBattle\GroundBattleStrategies.xml
		GroundBattle\GroundBattleTroopTypeConfigs.xml = GroundBattle\GroundBattleTroopTypeConfigs.xml
		GroundBattle\GroundBattleUnitConfigs.xml = GroundBattle\GroundBattleUnitConfigs.xml
		GroundBattle\GroundBattleUnitConfigs[Update3].xml = GroundBattle\GroundBattleUnitConfigs[Update3].xml
		GroundBattle\GroundBattleViewerConfigs.xml = GroundBattle\GroundBattleViewerConfigs.xml
	EndProjectSection
EndProject
Project("{2150E333-8FDC-42A3-9474-1A3956D46DE8}") = "Squadrons", "Squadrons", "{B9C19912-5230-4106-970F-62E876B997B5}"
	ProjectSection(SolutionItems) = preProject
		Simulation\Battles\Squadrons\SquadronFormationDefinitions.xml = Simulation\Battles\Squadrons\SquadronFormationDefinitions.xml
		Simulation\Battles\Squadrons\SquadronMetaFormationDefinitions.xml = Simulation\Battles\Squadrons\SquadronMetaFormationDefinitions.xml
		Simulation\Battles\Squadrons\SquadronMissionDefinitions.xml = Simulation\Battles\Squadrons\SquadronMissionDefinitions.xml
		Simulation\Battles\Squadrons\SquadronStanceDefinitions.xml = Simulation\Battles\Squadrons\SquadronStanceDefinitions.xml
		Simulation\Battles\Squadrons\SquadronStanceSelectorDefinitions.xml = Simulation\Battles\Squadrons\SquadronStanceSelectorDefinitions.xml
	EndProjectSection
EndProject
Global
	GlobalSection(SolutionProperties) = preSolution
		HideSolutionNode = FALSE
	EndGlobalSection
	GlobalSection(NestedProjects) = preSolution
		{9959FEBC-6E3F-4ED1-AC33-FE93605EECD5} = {E9469F73-4B00-4446-8556-BDF794D9CC6C}
		{F65A5C22-B72E-4E00-A83E-6DDD40E34136} = {AE2BFE86-E73A-4AB6-9407-57532E2AB95C}
		{F955473A-8893-4C54-BCDF-1662483B5EA5} = {177DD0D0-2D2E-4642-834C-02D6542495EC}
		{BBAE0328-D9D5-4AB9-B969-DC70C60F70C5} = {AE2BFE86-E73A-4AB6-9407-57532E2AB95C}
		{6F0F67D8-AC7B-4CAE-84C0-BB2245A9604A} = {F955473A-8893-4C54-BCDF-1662483B5EA5}
		{3621D27E-7C74-4781-AE76-B9C4042E76C5} = {177DD0D0-2D2E-4642-834C-02D6542495EC}
		{D768394B-37D9-4BBB-AD5E-296E8FAC03C2} = {E9469F73-4B00-4446-8556-BDF794D9CC6C}
		{B9C19912-5230-4106-970F-62E876B997B5} = {F955473A-8893-4C54-BCDF-1662483B5EA5}
	EndGlobalSection
EndGlobal
