
Microsoft Visual Studio Solution File, Format Version 12.00
# Visual Studio 15
VisualStudioVersion = 15.0.27130.0
MinimumVisualStudioVersion = 10.0.40219.1
Project("{FAE04EC0-301F-11D3-BF4B-00C04F79EFBC}") = "Studio", "Source\Studio\Studio.csproj", "{C9A82108-1673-47C6-8039-E039DA7D846D}"
EndProject
Project("{FAE04EC0-301F-11D3-BF4B-00C04F79EFBC}") = "Studio.Sharp", "Source\Studio.Sharp\Studio.Sharp.csproj", "{8E016BFE-8F7E-44F2-B4A2-57105545A239}"
EndProject
Project("{FAE04EC0-301F-11D3-BF4B-00C04F79EFBC}") = "Studio.ES2", "Source\Studio.ES2\Studio.ES2.csproj", "{45C1DF2D-7B22-4843-A894-130BBF29FA14}"
EndProject
Project("{2150E333-8FDC-42A3-9474-1A3956D46DE8}") = "Solution Items", "Solution Items", "{705D5B95-1B53-42E5-851E-3F1BAEF2FF84}"
	ProjectSection(SolutionItems) = preProject
		README.md = README.md
	EndProjectSection
EndProject
Global
	GlobalSection(SolutionConfigurationPlatforms) = preSolution
		Debug|Any CPU = Debug|Any CPU
		Debug|x86 = Debug|x86
		Release|Any CPU = Release|Any CPU
		Release|x86 = Release|x86
	EndGlobalSection
	GlobalSection(ProjectConfigurationPlatforms) = postSolution
		{C9A82108-1673-47C6-8039-E039DA7D846D}.Debug|Any CPU.ActiveCfg = Debug|Any CPU
		{C9A82108-1673-47C6-8039-E039DA7D846D}.Debug|Any CPU.Build.0 = Debug|Any CPU
		{C9A82108-1673-47C6-8039-E039DA7D846D}.Debug|x86.ActiveCfg = Debug|Any CPU
		{C9A82108-1673-47C6-8039-E039DA7D846D}.Debug|x86.Build.0 = Debug|Any CPU
		{C9A82108-1673-47C6-8039-E039DA7D846D}.Release|Any CPU.ActiveCfg = Release|Any CPU
		{C9A82108-1673-47C6-8039-E039DA7D846D}.Release|Any CPU.Build.0 = Release|Any CPU
		{C9A82108-1673-47C6-8039-E039DA7D846D}.Release|x86.ActiveCfg = Release|Any CPU
		{C9A82108-1673-47C6-8039-E039DA7D846D}.Release|x86.Build.0 = Release|Any CPU
		{8E016BFE-8F7E-44F2-B4A2-57105545A239}.Debug|Any CPU.ActiveCfg = Debug|Any CPU
		{8E016BFE-8F7E-44F2-B4A2-57105545A239}.Debug|Any CPU.Build.0 = Debug|Any CPU
		{8E016BFE-8F7E-44F2-B4A2-57105545A239}.Debug|x86.ActiveCfg = Debug|Any CPU
		{8E016BFE-8F7E-44F2-B4A2-57105545A239}.Debug|x86.Build.0 = Debug|Any CPU
		{8E016BFE-8F7E-44F2-B4A2-57105545A239}.Release|Any CPU.ActiveCfg = Release|Any CPU
		{8E016BFE-8F7E-44F2-B4A2-57105545A239}.Release|Any CPU.Build.0 = Release|Any CPU
		{8E016BFE-8F7E-44F2-B4A2-57105545A239}.Release|x86.ActiveCfg = Release|Any CPU
		{8E016BFE-8F7E-44F2-B4A2-57105545A239}.Release|x86.Build.0 = Release|Any CPU
		{45C1DF2D-7B22-4843-A894-130BBF29FA14}.Debug|Any CPU.ActiveCfg = Debug|Any CPU
		{45C1DF2D-7B22-4843-A894-130BBF29FA14}.Debug|Any CPU.Build.0 = Debug|Any CPU
		{45C1DF2D-7B22-4843-A894-130BBF29FA14}.Debug|x86.ActiveCfg = Debug|Any CPU
		{45C1DF2D-7B22-4843-A894-130BBF29FA14}.Debug|x86.Build.0 = Debug|Any CPU
		{45C1DF2D-7B22-4843-A894-130BBF29FA14}.Release|Any CPU.ActiveCfg = Release|Any CPU
		{45C1DF2D-7B22-4843-A894-130BBF29FA14}.Release|Any CPU.Build.0 = Release|Any CPU
		{45C1DF2D-7B22-4843-A894-130BBF29FA14}.Release|x86.ActiveCfg = Release|Any CPU
		{45C1DF2D-7B22-4843-A894-130BBF29FA14}.Release|x86.Build.0 = Release|Any CPU
	EndGlobalSection
	GlobalSection(SolutionProperties) = preSolution
		HideSolutionNode = FALSE
	EndGlobalSection
	GlobalSection(ExtensibilityGlobals) = postSolution
		SolutionGuid = {57803020-CCB7-4E89-8922-C2778A9DD6B5}
	EndGlobalSection
EndGlobal
