
Microsoft Visual Studio Solution File, Format Version 12.00
# Visual Studio 15
VisualStudioVersion = 15.0.27004.2010
MinimumVisualStudioVersion = 10.0.40219.1
Project("{FAE04EC0-301F-11D3-BF4B-00C04F79EFBC}") = "Studio", "Source\Studio\Studio.csproj", "{C9A82108-1673-47C6-8039-E039DA7D846D}"
EndProject
Project("{FAE04EC0-301F-11D3-BF4B-00C04F79EFBC}") = "ES2", "Source\ES2\ES2.csproj", "{45C1DF2D-7B22-4843-A894-130BBF29FA14}"
EndProject
Project("{FAE04EC0-301F-11D3-BF4B-00C04F79EFBC}") = "ES2.XSD", "Source\ES2.XSD\ES2.XSD.csproj", "{3E2007DA-13BA-4E57-9317-FE6D45655542}"
EndProject
Project("{FAE04EC0-301F-11D3-BF4B-00C04F79EFBC}") = "Studio.ES2", "Source\Studio.ES2\Studio.ES2.csproj", "{08FFE3F4-C30C-4AB8-98CA-6A431F4A37E9}"
EndProject
Global
	GlobalSection(SolutionConfigurationPlatforms) = preSolution
		Debug|Any CPU = Debug|Any CPU
		Release|Any CPU = Release|Any CPU
	EndGlobalSection
	GlobalSection(ProjectConfigurationPlatforms) = postSolution
		{C9A82108-1673-47C6-8039-E039DA7D846D}.Debug|Any CPU.ActiveCfg = Debug|Any CPU
		{C9A82108-1673-47C6-8039-E039DA7D846D}.Debug|Any CPU.Build.0 = Debug|Any CPU
		{C9A82108-1673-47C6-8039-E039DA7D846D}.Release|Any CPU.ActiveCfg = Release|Any CPU
		{C9A82108-1673-47C6-8039-E039DA7D846D}.Release|Any CPU.Build.0 = Release|Any CPU
		{45C1DF2D-7B22-4843-A894-130BBF29FA14}.Debug|Any CPU.ActiveCfg = Debug|Any CPU
		{45C1DF2D-7B22-4843-A894-130BBF29FA14}.Debug|Any CPU.Build.0 = Debug|Any CPU
		{45C1DF2D-7B22-4843-A894-130BBF29FA14}.Release|Any CPU.ActiveCfg = Release|Any CPU
		{45C1DF2D-7B22-4843-A894-130BBF29FA14}.Release|Any CPU.Build.0 = Release|Any CPU
		{3E2007DA-13BA-4E57-9317-FE6D45655542}.Debug|Any CPU.ActiveCfg = Debug|Any CPU
		{3E2007DA-13BA-4E57-9317-FE6D45655542}.Release|Any CPU.ActiveCfg = Release|Any CPU
		{3E2007DA-13BA-4E57-9317-FE6D45655542}.Release|Any CPU.Build.0 = Release|Any CPU
		{08FFE3F4-C30C-4AB8-98CA-6A431F4A37E9}.Debug|Any CPU.ActiveCfg = Debug|Any CPU
		{08FFE3F4-C30C-4AB8-98CA-6A431F4A37E9}.Debug|Any CPU.Build.0 = Debug|Any CPU
		{08FFE3F4-C30C-4AB8-98CA-6A431F4A37E9}.Release|Any CPU.ActiveCfg = Release|Any CPU
		{08FFE3F4-C30C-4AB8-98CA-6A431F4A37E9}.Release|Any CPU.Build.0 = Release|Any CPU
	EndGlobalSection
	GlobalSection(SolutionProperties) = preSolution
		HideSolutionNode = FALSE
	EndGlobalSection
	GlobalSection(ExtensibilityGlobals) = postSolution
		SolutionGuid = {57803020-CCB7-4E89-8922-C2778A9DD6B5}
	EndGlobalSection
EndGlobal
